
Microsoft Visual Studio Solution File, Format Version 12.00
# Visual Studio Version 17
VisualStudioVersion = 17.8.34408.163
MinimumVisualStudioVersion = 10.0.40219.1
Project("{FAE04EC0-301F-11D3-BF4B-00C04F79EFBC}") = "ATM", "ATM.csproj", "{78A9DBB6-5F61-489E-9F1E-AC1CD60A9158}"
EndProject
Global
	GlobalSection(SolutionConfigurationPlatforms) = preSolution
		Debug|Any CPU = Debug|Any CPU
		Release|Any CPU = Release|Any CPU
	EndGlobalSection
	GlobalSection(ProjectConfigurationPlatforms) = postSolution
		{78A9DBB6-5F61-489E-9F1E-AC1CD60A9158}.Debug|Any CPU.ActiveCfg = Debug|Any CPU
		{78A9DBB6-5F61-489E-9F1E-AC1CD60A9158}.Debug|Any CPU.Build.0 = Debug|Any CPU
		{78A9DBB6-5F61-489E-9F1E-AC1CD60A9158}.Release|Any CPU.ActiveCfg = Release|Any CPU
		{78A9DBB6-5F61-489E-9F1E-AC1CD60A9158}.Release|Any CPU.Build.0 = Release|Any CPU
	EndGlobalSection
	GlobalSection(SolutionProperties) = preSolution
		HideSolutionNode = FALSE
	EndGlobalSection
	GlobalSection(ExtensibilityGlobals) = postSolution
		SolutionGuid = {D3700FE7-1735-4D04-80A3-7FD0E5045C05}
	EndGlobalSection
EndGlobal
